
Microsoft Visual Studio Solution File, Format Version 12.00
# Visual Studio Version 16
VisualStudioVersion = 16.0.36324.18
MinimumVisualStudioVersion = 10.0.40219.1
Project("{FAE04EC0-301F-11D3-BF4B-00C04F79EFBC}") = "SimCardRegistration", "SimCardRegistration\SimCardRegistration.csproj", "{7CB583EF-1229-41C8-8E15-C97D9E624282}"
EndProject
Global
	GlobalSection(SolutionConfigurationPlatforms) = preSolution
		Debug|Any CPU = Debug|Any CPU
		Release|Any CPU = Release|Any CPU
	EndGlobalSection
	GlobalSection(ProjectConfigurationPlatforms) = postSolution
		{7CB583EF-1229-41C8-8E15-C97D9E624282}.Debug|Any CPU.ActiveCfg = Debug|Any CPU
		{7CB583EF-1229-41C8-8E15-C97D9E624282}.Debug|Any CPU.Build.0 = Debug|Any CPU
		{7CB583EF-1229-41C8-8E15-C97D9E624282}.Release|Any CPU.ActiveCfg = Release|Any CPU
		{7CB583EF-1229-41C8-8E15-C97D9E624282}.Release|Any CPU.Build.0 = Release|Any CPU
	EndGlobalSection
	GlobalSection(SolutionProperties) = preSolution
		HideSolutionNode = FALSE
	EndGlobalSection
	GlobalSection(ExtensibilityGlobals) = postSolution
		SolutionGuid = {3DAC0139-F752-467A-BE3A-8C416E49DEB9}
	EndGlobalSection
EndGlobal
